// !$*UTF8*$!
{
	archiveVersion = 1;
	classes = {
	};
	objectVersion = 46;
	objects = {

/* Begin PBXBuildFile section */
		D41F0A981E2C6FEE0082B53D /* AppDelegate.swift in Sources */ = {isa = PBXBuildFile; fileRef = D41F0A971E2C6FEE0082B53D /* AppDelegate.swift */; };
		D41F0A9A1E2C6FEE0082B53D /* ViewController.swift in Sources */ = {isa = PBXBuildFile; fileRef = D41F0A991E2C6FEE0082B53D /* ViewController.swift */; };
		D41F0A9D1E2C6FEE0082B53D /* Main.storyboard in Resources */ = {isa = PBXBuildFile; fileRef = D41F0A9B1E2C6FEE0082B53D /* Main.storyboard */; };
		D41F0A9F1E2C6FEE0082B53D /* Assets.xcassets in Resources */ = {isa = PBXBuildFile; fileRef = D41F0A9E1E2C6FEE0082B53D /* Assets.xcassets */; };
		D41F0AA21E2C6FEE0082B53D /* LaunchScreen.storyboard in Resources */ = {isa = PBXBuildFile; fileRef = D41F0AA01E2C6FEE0082B53D /* LaunchScreen.storyboard */; };
		D41F0AAD1E2C6FEF0082B53D /* PageViewControllerSampleTests.swift in Sources */ = {isa = PBXBuildFile; fileRef = D41F0AAC1E2C6FEF0082B53D /* PageViewControllerSampleTests.swift */; };
		D41F0AB81E2C6FEF0082B53D /* PageViewControllerSampleUITests.swift in Sources */ = {isa = PBXBuildFile; fileRef = D41F0AB71E2C6FEF0082B53D /* PageViewControllerSampleUITests.swift */; };
/* End PBXBuildFile section */

/* Begin PBXContainerItemProxy section */
		D41F0AA91E2C6FEF0082B53D /* PBXContainerItemProxy */ = {
			isa = PBXContainerItemProxy;
			containerPortal = D41F0A8C1E2C6FEE0082B53D /* Project object */;
			proxyType = 1;
			remoteGlobalIDString = D41F0A931E2C6FEE0082B53D;
			remoteInfo = PageViewControllerSample;
		};
		D41F0AB41E2C6FEF0082B53D /* PBXContainerItemProxy */ = {
			isa = PBXContainerItemProxy;
			containerPortal = D41F0A8C1E2C6FEE0082B53D /* Project object */;
			proxyType = 1;
			remoteGlobalIDString = D41F0A931E2C6FEE0082B53D;
			remoteInfo = PageViewControllerSample;
		};
/* End PBXContainerItemProxy section */

/* Begin PBXFileReference section */
		D41F0A941E2C6FEE0082B53D /* PageViewControllerSample.app */ = {isa = PBXFileReference; explicitFileType = wrapper.application; includeInIndex = 0; path = PageViewControllerSample.app; sourceTree = BUILT_PRODUCTS_DIR; };
		D41F0A971E2C6FEE0082B53D /* AppDelegate.swift */ = {isa = PBXFileReference; lastKnownFileType = sourcecode.swift; path = AppDelegate.swift; sourceTree = "<group>"; };
		D41F0A991E2C6FEE0082B53D /* ViewController.swift */ = {isa = PBXFileReference; lastKnownFileType = sourcecode.swift; path = ViewController.swift; sourceTree = "<group>"; };
		D41F0A9C1E2C6FEE0082B53D /* Base */ = {isa = PBXFileReference; lastKnownFileType = file.storyboard; name = Base; path = Base.lproj/Main.storyboard; sourceTree = "<group>"; };
		D41F0A9E1E2C6FEE0082B53D /* Assets.xcassets */ = {isa = PBXFileReference; lastKnownFileType = folder.assetcatalog; path = Assets.xcassets; sourceTree = "<group>"; };
		D41F0AA11E2C6FEE0082B53D /* Base */ = {isa = PBXFileReference; lastKnownFileType = file.storyboard; name = Base; path = Base.lproj/LaunchScreen.storyboard; sourceTree = "<group>"; };
		D41F0AA31E2C6FEE0082B53D /* Info.plist */ = {isa = PBXFileReference; lastKnownFileType = text.plist.xml; path = Info.plist; sourceTree = "<group>"; };
		D41F0AA81E2C6FEF0082B53D /* PageViewControllerSampleTests.xctest */ = {isa = PBXFileReference; explicitFileType = wrapper.cfbundle; includeInIndex = 0; path = PageViewControllerSampleTests.xctest; sourceTree = BUILT_PRODUCTS_DIR; };
		D41F0AAC1E2C6FEF0082B53D /* PageViewControllerSampleTests.swift */ = {isa = PBXFileReference; lastKnownFileType = sourcecode.swift; path = PageViewControllerSampleTests.swift; sourceTree = "<group>"; };
		D41F0AAE1E2C6FEF0082B53D /* Info.plist */ = {isa = PBXFileReference; lastKnownFileType = text.plist.xml; path = Info.plist; sourceTree = "<group>"; };
		D41F0AB31E2C6FEF0082B53D /* PageViewControllerSampleUITests.xctest */ = {isa = PBXFileReference; explicitFileType = wrapper.cfbundle; includeInIndex = 0; path = PageViewControllerSampleUITests.xctest; sourceTree = BUILT_PRODUCTS_DIR; };
		D41F0AB71E2C6FEF0082B53D /* PageViewControllerSampleUITests.swift */ = {isa = PBXFileReference; lastKnownFileType = sourcecode.swift; path = PageViewControllerSampleUITests.swift; sourceTree = "<group>"; };
		D41F0AB91E2C6FEF0082B53D /* Info.plist */ = {isa = PBXFileReference; lastKnownFileType = text.plist.xml; path = Info.plist; sourceTree = "<group>"; };
/* End PBXFileReference section */

/* Begin PBXFrameworksBuildPhase section */
		D41F0A911E2C6FEE0082B53D /* Frameworks */ = {
			isa = PBXFrameworksBuildPhase;
			buildActionMask = 2147483647;
			files = (
			);
			runOnlyForDeploymentPostprocessing = 0;
		};
		D41F0AA51E2C6FEF0082B53D /* Frameworks */ = {
			isa = PBXFrameworksBuildPhase;
			buildActionMask = 2147483647;
			files = (
			);
			runOnlyForDeploymentPostprocessing = 0;
		};
		D41F0AB01E2C6FEF0082B53D /* Frameworks */ = {
			isa = PBXFrameworksBuildPhase;
			buildActionMask = 2147483647;
			files = (
			);
			runOnlyForDeploymentPostprocessing = 0;
		};
/* End PBXFrameworksBuildPhase section */

/* Begin PBXGroup section */
		D41F0A8B1E2C6FEE0082B53D = {
			isa = PBXGroup;
			children = (
				D41F0A961E2C6FEE0082B53D /* PageViewControllerSample */,
				D41F0AAB1E2C6FEF0082B53D /* PageViewControllerSampleTests */,
				D41F0AB61E2C6FEF0082B53D /* PageViewControllerSampleUITests */,
				D41F0A951E2C6FEE0082B53D /* Products */,
			);
			sourceTree = "<group>";
		};
		D41F0A951E2C6FEE0082B53D /* Products */ = {
			isa = PBXGroup;
			children = (
				D41F0A941E2C6FEE0082B53D /* PageViewControllerSample.app */,
				D41F0AA81E2C6FEF0082B53D /* PageViewControllerSampleTests.xctest */,
				D41F0AB31E2C6FEF0082B53D /* PageViewControllerSampleUITests.xctest */,
			);
			name = Products;
			sourceTree = "<group>";
		};
		D41F0A961E2C6FEE0082B53D /* PageViewControllerSample */ = {
			isa = PBXGroup;
			children = (
				D41F0A971E2C6FEE0082B53D /* AppDelegate.swift */,
				D41F0A991E2C6FEE0082B53D /* ViewController.swift */,
				D41F0A9B1E2C6FEE0082B53D /* Main.storyboard */,
				D41F0A9E1E2C6FEE0082B53D /* Assets.xcassets */,
				D41F0AA01E2C6FEE0082B53D /* LaunchScreen.storyboard */,
				D41F0AA31E2C6FEE0082B53D /* Info.plist */,
			);
			path = PageViewControllerSample;
			sourceTree = "<group>";
		};
		D41F0AAB1E2C6FEF0082B53D /* PageViewControllerSampleTests */ = {
			isa = PBXGroup;
			children = (
				D41F0AAC1E2C6FEF0082B53D /* PageViewControllerSampleTests.swift */,
				D41F0AAE1E2C6FEF0082B53D /* Info.plist */,
			);
			path = PageViewControllerSampleTests;
			sourceTree = "<group>";
		};
		D41F0AB61E2C6FEF0082B53D /* PageViewControllerSampleUITests */ = {
			isa = PBXGroup;
			children = (
				D41F0AB71E2C6FEF0082B53D /* PageViewControllerSampleUITests.swift */,
				D41F0AB91E2C6FEF0082B53D /* Info.plist */,
			);
			path = PageViewControllerSampleUITests;
			sourceTree = "<group>";
		};
/* End PBXGroup section */

/* Begin PBXNativeTarget section */
		D41F0A931E2C6FEE0082B53D /* PageViewControllerSample */ = {
			isa = PBXNativeTarget;
			buildConfigurationList = D41F0ABC1E2C6FEF0082B53D /* Build configuration list for PBXNativeTarget "PageViewControllerSample" */;
			buildPhases = (
				D41F0A901E2C6FEE0082B53D /* Sources */,
				D41F0A911E2C6FEE0082B53D /* Frameworks */,
				D41F0A921E2C6FEE0082B53D /* Resources */,
			);
			buildRules = (
			);
			dependencies = (
			);
			name = PageViewControllerSample;
			productName = PageViewControllerSample;
			productReference = D41F0A941E2C6FEE0082B53D /* PageViewControllerSample.app */;
			productType = "com.apple.product-type.application";
		};
		D41F0AA71E2C6FEF0082B53D /* PageViewControllerSampleTests */ = {
			isa = PBXNativeTarget;
			buildConfigurationList = D41F0ABF1E2C6FEF0082B53D /* Build configuration list for PBXNativeTarget "PageViewControllerSampleTests" */;
			buildPhases = (
				D41F0AA41E2C6FEF0082B53D /* Sources */,
				D41F0AA51E2C6FEF0082B53D /* Frameworks */,
				D41F0AA61E2C6FEF0082B53D /* Resources */,
			);
			buildRules = (
			);
			dependencies = (
				D41F0AAA1E2C6FEF0082B53D /* PBXTargetDependency */,
			);
			name = PageViewControllerSampleTests;
			productName = PageViewControllerSampleTests;
			productReference = D41F0AA81E2C6FEF0082B53D /* PageViewControllerSampleTests.xctest */;
			productType = "com.apple.product-type.bundle.unit-test";
		};
		D41F0AB21E2C6FEF0082B53D /* PageViewControllerSampleUITests */ = {
			isa = PBXNativeTarget;
			buildConfigurationList = D41F0AC21E2C6FEF0082B53D /* Build configuration list for PBXNativeTarget "PageViewControllerSampleUITests" */;
			buildPhases = (
				D41F0AAF1E2C6FEF0082B53D /* Sources */,
				D41F0AB01E2C6FEF0082B53D /* Frameworks */,
				D41F0AB11E2C6FEF0082B53D /* Resources */,
			);
			buildRules = (
			);
			dependencies = (
				D41F0AB51E2C6FEF0082B53D /* PBXTargetDependency */,
			);
			name = PageViewControllerSampleUITests;
			productName = PageViewControllerSampleUITests;
			productReference = D41F0AB31E2C6FEF0082B53D /* PageViewControllerSampleUITests.xctest */;
			productType = "com.apple.product-type.bundle.ui-testing";
		};
/* End PBXNativeTarget section */

/* Begin PBXProject section */
		D41F0A8C1E2C6FEE0082B53D /* Project object */ = {
			isa = PBXProject;
			attributes = {
				LastSwiftUpdateCheck = 0820;
				LastUpgradeCheck = 0820;
				ORGANIZATIONNAME = "Jinsei Shima";
				TargetAttributes = {
					D41F0A931E2C6FEE0082B53D = {
						CreatedOnToolsVersion = 8.2.1;
						DevelopmentTeam = 64T4PJ8WCZ;
						ProvisioningStyle = Automatic;
					};
					D41F0AA71E2C6FEF0082B53D = {
						CreatedOnToolsVersion = 8.2.1;
						DevelopmentTeam = 64T4PJ8WCZ;
						ProvisioningStyle = Automatic;
						TestTargetID = D41F0A931E2C6FEE0082B53D;
					};
					D41F0AB21E2C6FEF0082B53D = {
						CreatedOnToolsVersion = 8.2.1;
						DevelopmentTeam = 64T4PJ8WCZ;
						ProvisioningStyle = Automatic;
						TestTargetID = D41F0A931E2C6FEE0082B53D;
					};
				};
			};
			buildConfigurationList = D41F0A8F1E2C6FEE0082B53D /* Build configuration list for PBXProject "PageViewControllerSample" */;
			compatibilityVersion = "Xcode 3.2";
			developmentRegion = English;
			hasScannedForEncodings = 0;
			knownRegions = (
				en,
				Base,
			);
			mainGroup = D41F0A8B1E2C6FEE0082B53D;
			productRefGroup = D41F0A951E2C6FEE0082B53D /* Products */;
			projectDirPath = "";
			projectRoot = "";
			targets = (
				D41F0A931E2C6FEE0082B53D /* PageViewControllerSample */,
				D41F0AA71E2C6FEF0082B53D /* PageViewControllerSampleTests */,
				D41F0AB21E2C6FEF0082B53D /* PageViewControllerSampleUITests */,
			);
		};
/* End PBXProject section */

/* Begin PBXResourcesBuildPhase section */
		D41F0A921E2C6FEE0082B53D /* Resources */ = {
			isa = PBXResourcesBuildPhase;
			buildActionMask = 2147483647;
			files = (
				D41F0AA21E2C6FEE0082B53D /* LaunchScreen.storyboard in Resources */,
				D41F0A9F1E2C6FEE0082B53D /* Assets.xcassets in Resources */,
				D41F0A9D1E2C6FEE0082B53D /* Main.storyboard in Resources */,
			);
			runOnlyForDeploymentPostprocessing = 0;
		};
		D41F0AA61E2C6FEF0082B53D /* Resources */ = {
			isa = PBXResourcesBuildPhase;
			buildActionMask = 2147483647;
			files = (
			);
			runOnlyForDeploymentPostprocessing = 0;
		};
		D41F0AB11E2C6FEF0082B53D /* Resources */ = {
			isa = PBXResourcesBuildPhase;
			buildActionMask = 2147483647;
			files = (
			);
			runOnlyForDeploymentPostprocessing = 0;
		};
/* End PBXResourcesBuildPhase section */

/* Begin PBXSourcesBuildPhase section */
		D41F0A901E2C6FEE0082B53D /* Sources */ = {
			isa = PBXSourcesBuildPhase;
			buildActionMask = 2147483647;
			files = (
				D41F0A9A1E2C6FEE0082B53D /* ViewController.swift in Sources */,
				D41F0A981E2C6FEE0082B53D /* AppDelegate.swift in Sources */,
			);
			runOnlyForDeploymentPostprocessing = 0;
		};
		D41F0AA41E2C6FEF0082B53D /* Sources */ = {
			isa = PBXSourcesBuildPhase;
			buildActionMask = 2147483647;
			files = (
				D41F0AAD1E2C6FEF0082B53D /* PageViewControllerSampleTests.swift in Sources */,
			);
			runOnlyForDeploymentPostprocessing = 0;
		};
		D41F0AAF1E2C6FEF0082B53D /* Sources */ = {
			isa = PBXSourcesBuildPhase;
			buildActionMask = 2147483647;
			files = (
				D41F0AB81E2C6FEF0082B53D /* PageViewControllerSampleUITests.swift in Sources */,
			);
			runOnlyForDeploymentPostprocessing = 0;
		};
/* End PBXSourcesBuildPhase section */

/* Begin PBXTargetDependency section */
		D41F0AAA1E2C6FEF0082B53D /* PBXTargetDependency */ = {
			isa = PBXTargetDependency;
			target = D41F0A931E2C6FEE0082B53D /* PageViewControllerSample */;
			targetProxy = D41F0AA91E2C6FEF0082B53D /* PBXContainerItemProxy */;
		};
		D41F0AB51E2C6FEF0082B53D /* PBXTargetDependency */ = {
			isa = PBXTargetDependency;
			target = D41F0A931E2C6FEE0082B53D /* PageViewControllerSample */;
			targetProxy = D41F0AB41E2C6FEF0082B53D /* PBXContainerItemProxy */;
		};
/* End PBXTargetDependency section */

/* Begin PBXVariantGroup section */
		D41F0A9B1E2C6FEE0082B53D /* Main.storyboard */ = {
			isa = PBXVariantGroup;
			children = (
				D41F0A9C1E2C6FEE0082B53D /* Base */,
			);
			name = Main.storyboard;
			sourceTree = "<group>";
		};
		D41F0AA01E2C6FEE0082B53D /* LaunchScreen.storyboard */ = {
			isa = PBXVariantGroup;
			children = (
				D41F0AA11E2C6FEE0082B53D /* Base */,
			);
			name = LaunchScreen.storyboard;
			sourceTree = "<group>";
		};
/* End PBXVariantGroup section */

/* Begin XCBuildConfiguration section */
		D41F0ABA1E2C6FEF0082B53D /* Debug */ = {
			isa = XCBuildConfiguration;
			buildSettings = {
				ALWAYS_SEARCH_USER_PATHS = NO;
				CLANG_ANALYZER_NONNULL = YES;
				CLANG_CXX_LANGUAGE_STANDARD = "gnu++0x";
				CLANG_CXX_LIBRARY = "libc++";
				CLANG_ENABLE_MODULES = YES;
				CLANG_ENABLE_OBJC_ARC = YES;
				CLANG_WARN_BOOL_CONVERSION = YES;
				CLANG_WARN_CONSTANT_CONVERSION = YES;
				CLANG_WARN_DIRECT_OBJC_ISA_USAGE = YES_ERROR;
				CLANG_WARN_DOCUMENTATION_COMMENTS = YES;
				CLANG_WARN_EMPTY_BODY = YES;
				CLANG_WARN_ENUM_CONVERSION = YES;
				CLANG_WARN_INFINITE_RECURSION = YES;
				CLANG_WARN_INT_CONVERSION = YES;
				CLANG_WARN_OBJC_ROOT_CLASS = YES_ERROR;
				CLANG_WARN_SUSPICIOUS_MOVE = YES;
				CLANG_WARN_UNREACHABLE_CODE = YES;
				CLANG_WARN__DUPLICATE_METHOD_MATCH = YES;
				"CODE_SIGN_IDENTITY[sdk=iphoneos*]" = "iPhone Developer";
				COPY_PHASE_STRIP = NO;
				DEBUG_INFORMATION_FORMAT = dwarf;
				ENABLE_STRICT_OBJC_MSGSEND = YES;
				ENABLE_TESTABILITY = YES;
				GCC_C_LANGUAGE_STANDARD = gnu99;
				GCC_DYNAMIC_NO_PIC = NO;
				GCC_NO_COMMON_BLOCKS = YES;
				GCC_OPTIMIZATION_LEVEL = 0;
				GCC_PREPROCESSOR_DEFINITIONS = (
					"DEBUG=1",
					"$(inherited)",
				);
				GCC_WARN_64_TO_32_BIT_CONVERSION = YES;
				GCC_WARN_ABOUT_RETURN_TYPE = YES_ERROR;
				GCC_WARN_UNDECLARED_SELECTOR = YES;
				GCC_WARN_UNINITIALIZED_AUTOS = YES_AGGRESSIVE;
				GCC_WARN_UNUSED_FUNCTION = YES;
				GCC_WARN_UNUSED_VARIABLE = YES;
				IPHONEOS_DEPLOYMENT_TARGET = 10.2;
				MTL_ENABLE_DEBUG_INFO = YES;
				ONLY_ACTIVE_ARCH = YES;
				SDKROOT = iphoneos;
				SWIFT_ACTIVE_COMPILATION_CONDITIONS = DEBUG;
				SWIFT_OPTIMIZATION_LEVEL = "-Onone";
			};
			name = Debug;
		};
		D41F0ABB1E2C6FEF0082B53D /* Release */ = {
			isa = XCBuildConfiguration;
			buildSettings = {
				ALWAYS_SEARCH_USER_PATHS = NO;
				CLANG_ANALYZER_NONNULL = YES;
				CLANG_CXX_LANGUAGE_STANDARD = "gnu++0x";
				CLANG_CXX_LIBRARY = "libc++";
				CLANG_ENABLE_MODULES = YES;
				CLANG_ENABLE_OBJC_ARC = YES;
				CLANG_WARN_BOOL_CONVERSION = YES;
				CLANG_WARN_CONSTANT_CONVERSION = YES;
				CLANG_WARN_DIRECT_OBJC_ISA_USAGE = YES_ERROR;
				CLANG_WARN_DOCUMENTATION_COMMENTS = YES;
				CLANG_WARN_EMPTY_BODY = YES;
				CLANG_WARN_ENUM_CONVERSION = YES;
				CLANG_WARN_INFINITE_RECURSION = YES;
				CLANG_WARN_INT_CONVERSION = YES;
				CLANG_WARN_OBJC_ROOT_CLASS = YES_ERROR;
				CLANG_WARN_SUSPICIOUS_MOVE = YES;
				CLANG_WARN_UNREACHABLE_CODE = YES;
				CLANG_WARN__DUPLICATE_METHOD_MATCH = YES;
				"CODE_SIGN_IDENTITY[sdk=iphoneos*]" = "iPhone Developer";
				COPY_PHASE_STRIP = NO;
				DEBUG_INFORMATION_FORMAT = "dwarf-with-dsym";
				ENABLE_NS_ASSERTIONS = NO;
				ENABLE_STRICT_OBJC_MSGSEND = YES;
				GCC_C_LANGUAGE_STANDARD = gnu99;
				GCC_NO_COMMON_BLOCKS = YES;
				GCC_WARN_64_TO_32_BIT_CONVERSION = YES;
				GCC_WARN_ABOUT_RETURN_TYPE = YES_ERROR;
				GCC_WARN_UNDECLARED_SELECTOR = YES;
				GCC_WARN_UNINITIALIZED_AUTOS = YES_AGGRESSIVE;
				GCC_WARN_UNUSED_FUNCTION = YES;
				GCC_WARN_UNUSED_VARIABLE = YES;
				IPHONEOS_DEPLOYMENT_TARGET = 10.2;
				MTL_ENABLE_DEBUG_INFO = NO;
				SDKROOT = iphoneos;
				SWIFT_OPTIMIZATION_LEVEL = "-Owholemodule";
				VALIDATE_PRODUCT = YES;
			};
			name = Release;
		};
		D41F0ABD1E2C6FEF0082B53D /* Debug */ = {
			isa = XCBuildConfiguration;
			buildSettings = {
				ASSETCATALOG_COMPILER_APPICON_NAME = AppIcon;
				DEVELOPMENT_TEAM = 64T4PJ8WCZ;
				INFOPLIST_FILE = PageViewControllerSample/Info.plist;
				LD_RUNPATH_SEARCH_PATHS = "$(inherited) @executable_path/Frameworks";
				PRODUCT_BUNDLE_IDENTIFIER = com.shimaApps.PageViewControllerSample;
				PRODUCT_NAME = "$(TARGET_NAME)";
				SWIFT_VERSION = 3.0;
			};
			name = Debug;
		};
		D41F0ABE1E2C6FEF0082B53D /* Release */ = {
			isa = XCBuildConfiguration;
			buildSettings = {
				ASSETCATALOG_COMPILER_APPICON_NAME = AppIcon;
				DEVELOPMENT_TEAM = 64T4PJ8WCZ;
				INFOPLIST_FILE = PageViewControllerSample/Info.plist;
				LD_RUNPATH_SEARCH_PATHS = "$(inherited) @executable_path/Frameworks";
				PRODUCT_BUNDLE_IDENTIFIER = com.shimaApps.PageViewControllerSample;
				PRODUCT_NAME = "$(TARGET_NAME)";
				SWIFT_VERSION = 3.0;
			};
			name = Release;
		};
		D41F0AC01E2C6FEF0082B53D /* Debug */ = {
			isa = XCBuildConfiguration;
			buildSettings = {
				ALWAYS_EMBED_SWIFT_STANDARD_LIBRARIES = YES;
				BUNDLE_LOADER = "$(TEST_HOST)";
				DEVELOPMENT_TEAM = 64T4PJ8WCZ;
				INFOPLIST_FILE = PageViewControllerSampleTests/Info.plist;
				LD_RUNPATH_SEARCH_PATHS = "$(inherited) @executable_path/Frameworks @loader_path/Frameworks";
				PRODUCT_BUNDLE_IDENTIFIER = com.shimaApps.PageViewControllerSampleTests;
				PRODUCT_NAME = "$(TARGET_NAME)";
				SWIFT_VERSION = 3.0;
				TEST_HOST = "$(BUILT_PRODUCTS_DIR)/PageViewControllerSample.app/PageViewControllerSample";
			};
			name = Debug;
		};
		D41F0AC11E2C6FEF0082B53D /* Release */ = {
			isa = XCBuildConfiguration;
			buildSettings = {
				ALWAYS_EMBED_SWIFT_STANDARD_LIBRARIES = YES;
				BUNDLE_LOADER = "$(TEST_HOST)";
				DEVELOPMENT_TEAM = 64T4PJ8WCZ;
				INFOPLIST_FILE = PageViewControllerSampleTests/Info.plist;
				LD_RUNPATH_SEARCH_PATHS = "$(inherited) @executable_path/Frameworks @loader_path/Frameworks";
				PRODUCT_BUNDLE_IDENTIFIER = com.shimaApps.PageViewControllerSampleTests;
				PRODUCT_NAME = "$(TARGET_NAME)";
				SWIFT_VERSION = 3.0;
				TEST_HOST = "$(BUILT_PRODUCTS_DIR)/PageViewControllerSample.app/PageViewControllerSample";
			};
			name = Release;
		};
		D41F0AC31E2C6FEF0082B53D /* Debug */ = {
			isa = XCBuildConfiguration;
			buildSettings = {
				ALWAYS_EMBED_SWIFT_STANDARD_LIBRARIES = YES;
				DEVELOPMENT_TEAM = 64T4PJ8WCZ;
				INFOPLIST_FILE = PageViewControllerSampleUITests/Info.plist;
				LD_RUNPATH_SEARCH_PATHS = "$(inherited) @executable_path/Frameworks @loader_path/Frameworks";
				PRODUCT_BUNDLE_IDENTIFIER = com.shimaApps.PageViewControllerSampleUITests;
				PRODUCT_NAME = "$(TARGET_NAME)";
				SWIFT_VERSION = 3.0;
				TEST_TARGET_NAME = PageViewControllerSample;
			};
			name = Debug;
		};
		D41F0AC41E2C6FEF0082B53D /* Release */ = {
			isa = XCBuildConfiguration;
			buildSettings = {
				ALWAYS_EMBED_SWIFT_STANDARD_LIBRARIES = YES;
				DEVELOPMENT_TEAM = 64T4PJ8WCZ;
				INFOPLIST_FILE = PageViewControllerSampleUITests/Info.plist;
				LD_RUNPATH_SEARCH_PATHS = "$(inherited) @executable_path/Frameworks @loader_path/Frameworks";
				PRODUCT_BUNDLE_IDENTIFIER = com.shimaApps.PageViewControllerSampleUITests;
				PRODUCT_NAME = "$(TARGET_NAME)";
				SWIFT_VERSION = 3.0;
				TEST_TARGET_NAME = PageViewControllerSample;
			};
			name = Release;
		};
/* End XCBuildConfiguration section */

/* Begin XCConfigurationList section */
		D41F0A8F1E2C6FEE0082B53D /* Build configuration list for PBXProject "PageViewControllerSample" */ = {
			isa = XCConfigurationList;
			buildConfigurations = (
				D41F0ABA1E2C6FEF0082B53D /* Debug */,
				D41F0ABB1E2C6FEF0082B53D /* Release */,
			);
			defaultConfigurationIsVisible = 0;
			defaultConfigurationName = Release;
		};
		D41F0ABC1E2C6FEF0082B53D /* Build configuration list for PBXNativeTarget "PageViewControllerSample" */ = {
			isa = XCConfigurationList;
			buildConfigurations = (
				D41F0ABD1E2C6FEF0082B53D /* Debug */,
				D41F0ABE1E2C6FEF0082B53D /* Release */,
			);
			defaultConfigurationIsVisible = 0;
		};
		D41F0ABF1E2C6FEF0082B53D /* Build configuration list for PBXNativeTarget "PageViewControllerSampleTests" */ = {
			isa = XCConfigurationList;
			buildConfigurations = (
				D41F0AC01E2C6FEF0082B53D /* Debug */,
				D41F0AC11E2C6FEF0082B53D /* Release */,
			);
			defaultConfigurationIsVisible = 0;
		};
		D41F0AC21E2C6FEF0082B53D /* Build configuration list for PBXNativeTarget "PageViewControllerSampleUITests" */ = {
			isa = XCConfigurationList;
			buildConfigurations = (
				D41F0AC31E2C6FEF0082B53D /* Debug */,
				D41F0AC41E2C6FEF0082B53D /* Release */,
			);
			defaultConfigurationIsVisible = 0;
		};
/* End XCConfigurationList section */
	};
	rootObject = D41F0A8C1E2C6FEE0082B53D /* Project object */;
}
